
Microsoft Visual Studio Solution File, Format Version 12.00
# Visual Studio Version 16
VisualStudioVersion = 16.0.29201.188
MinimumVisualStudioVersion = 10.0.40219.1
Project("{9A19103F-16F7-4668-BE54-9A1E7A4F7556}") = "NurchureAPI", "NurchureAPI.csproj", "{15F076DC-C99F-4F9D-BCE8-F323B956D537}"
EndProject
Global
	GlobalSection(SolutionConfigurationPlatforms) = preSolution
		Debug|Any CPU = Debug|Any CPU
		Release|Any CPU = Release|Any CPU
	EndGlobalSection
	GlobalSection(ProjectConfigurationPlatforms) = postSolution
		{15F076DC-C99F-4F9D-BCE8-F323B956D537}.Debug|Any CPU.ActiveCfg = Debug|Any CPU
		{15F076DC-C99F-4F9D-BCE8-F323B956D537}.Debug|Any CPU.Build.0 = Debug|Any CPU
		{15F076DC-C99F-4F9D-BCE8-F323B956D537}.Release|Any CPU.ActiveCfg = Release|Any CPU
		{15F076DC-C99F-4F9D-BCE8-F323B956D537}.Release|Any CPU.Build.0 = Release|Any CPU
	EndGlobalSection
	GlobalSection(SolutionProperties) = preSolution
		HideSolutionNode = FALSE
	EndGlobalSection
	GlobalSection(ExtensibilityGlobals) = postSolution
		SolutionGuid = {2CB9E23D-BBBA-4186-A5C0-B7C18461F22B}
	EndGlobalSection
EndGlobal
